# THIS IS AN AUTOGENERATED FILE. DO NOT EDIT THIS FILE DIRECTLY.
# yarn lockfile v1


"@types/node@^16.13.2":
  version "16.18.79"
  resolved "https://registry.npmjs.org/@types/node/-/node-16.18.79.tgz#153e25561b271cf87dc1b28d38f98cebd514d788"
  integrity sha512-Qd7jdLR5zmnIyMhfDrfPqN5tUCvreVpP3Qrf2oSM+F7SNzlb/MwHISGUkdFHtevfkPJ3iAGyeQI/jsbh9EStgQ==

minimist@^1.2.8:
  version "1.2.8"
  resolved "https://registry.npmjs.org/minimist/-/minimist-1.2.8.tgz#c1a464e7693302e082a075cee0c057741ac4772c"
  integrity sha512-2yyAR8qBkN3YuheJanUpWC5U3bb5osDywNB8RzDVlDwDHbocAJveqqj1u8+SVD7jkWT4yvsHCpWqqWqAxb0zCA==
